{
  "name": "arcanedesk-fvtt-mods",
  "version": "0.0.0",
  "lockfileVersion": 3,
  "requires": true,
  "packages": {
    "": {
      "name": "arcanedesk-fvtt-mods",
      "version": "0.0.0",
      "license": "Apache-2.0",
      "workspaces": [
        "packages/*"
      ],
      "devDependencies": {
        "fflate": "0.8.3"
      },
      "engines": {
        "node": ">=24 <25"
      }
    },
    "node_modules/@arcanedesk/auto2014-compiler": {
      "resolved": "packages/auto2014-compiler",
      "link": true
    },
    "node_modules/@arcanedesk/auto2014-runtime": {
      "resolved": "packages/auto2014-runtime",
      "link": true
    },
    "node_modules/fflate": {
      "version": "0.8.3",
      "resolved": "https://registry.npmjs.org/fflate/-/fflate-0.8.3.tgz",
      "integrity": "sha512-tbZNuJrLwGUp3zshBtdy4W+ORxZuIh8a5ilyIEQDC5rY1f3U20JMry0Ll3WBzU58EZKsEuJFXhb5gwv8CsPvgA==",
      "dev": true,
      "license": "MIT"
    },
    "packages/auto2014-compiler": {
      "name": "@arcanedesk/auto2014-compiler",
      "version": "0.9.0",
      "license": "Apache-2.0",
      "engines": {
        "node": ">=24 <25"
      }
    },
    "packages/auto2014-runtime": {
      "name": "@arcanedesk/auto2014-runtime",
      "version": "0.4.0",
      "license": "Apache-2.0",
      "engines": {
        "node": ">=24 <25"
      }
    }
  }
}
